
Microsoft Visual Studio Solution File, Format Version 12.00
# Visual Studio 15
VisualStudioVersion = 15.0.28307.421
MinimumVisualStudioVersion = 10.0.40219.1
Project("{FAE04EC0-301F-11D3-BF4B-00C04F79EFBC}") = "LandMap", "LandMap\LandMap.csproj", "{2E2A587B-95B2-43E8-BFC1-9EBEE64F3A90}"
EndProject
Global
	GlobalSection(SolutionConfigurationPlatforms) = preSolution
		Debug|Any CPU = Debug|Any CPU
		Release|Any CPU = Release|Any CPU
	EndGlobalSection
	GlobalSection(ProjectConfigurationPlatforms) = postSolution
		{2E2A587B-95B2-43E8-BFC1-9EBEE64F3A90}.Debug|Any CPU.ActiveCfg = Debug|Any CPU
		{2E2A587B-95B2-43E8-BFC1-9EBEE64F3A90}.Debug|Any CPU.Build.0 = Debug|Any CPU
		{2E2A587B-95B2-43E8-BFC1-9EBEE64F3A90}.Release|Any CPU.ActiveCfg = Release|Any CPU
		{2E2A587B-95B2-43E8-BFC1-9EBEE64F3A90}.Release|Any CPU.Build.0 = Release|Any CPU
	EndGlobalSection
	GlobalSection(SolutionProperties) = preSolution
		HideSolutionNode = FALSE
	EndGlobalSection
	GlobalSection(ExtensibilityGlobals) = postSolution
		SolutionGuid = {8EF59BCA-C0B5-4C16-8B22-597A82893C51}
	EndGlobalSection
EndGlobal
